
Microsoft Visual Studio Solution File, Format Version 12.00
# Visual Studio Version 16
VisualStudioVersion = 16.0.30503.244
MinimumVisualStudioVersion = 10.0.40219.1
Project("{FAE04EC0-301F-11D3-BF4B-00C04F79EFBC}") = "Shopping.MVCWebUI", "Shopping.MVCWebUI\Shopping.MVCWebUI.csproj", "{095789C2-7474-4912-AA18-58AC83C3614B}"
EndProject
Global
	GlobalSection(SolutionConfigurationPlatforms) = preSolution
		Debug|Any CPU = Debug|Any CPU
		Release|Any CPU = Release|Any CPU
	EndGlobalSection
	GlobalSection(ProjectConfigurationPlatforms) = postSolution
		{095789C2-7474-4912-AA18-58AC83C3614B}.Debug|Any CPU.ActiveCfg = Debug|Any CPU
		{095789C2-7474-4912-AA18-58AC83C3614B}.Debug|Any CPU.Build.0 = Debug|Any CPU
		{095789C2-7474-4912-AA18-58AC83C3614B}.Release|Any CPU.ActiveCfg = Release|Any CPU
		{095789C2-7474-4912-AA18-58AC83C3614B}.Release|Any CPU.Build.0 = Release|Any CPU
	EndGlobalSection
	GlobalSection(SolutionProperties) = preSolution
		HideSolutionNode = FALSE
	EndGlobalSection
	GlobalSection(ExtensibilityGlobals) = postSolution
		SolutionGuid = {08846426-183C-48C0-ACC4-F543665A777B}
	EndGlobalSection
EndGlobal
